// !$*UTF8*$!
{
	archiveVersion = 1;
	classes = {
	};
	objectVersion = 50;
	objects = {

/* Begin PBXBuildFile section */
		0B0245CFB1D5BBEFA8CDDFD5 /* Pods_finalProject.framework in Frameworks */ = {isa = PBXBuildFile; fileRef = 76DF8F9FB9FE6F5FF315E3AA /* Pods_finalProject.framework */; };
		E8CAC0FD207F31CC0074B20F /* AppDelegate.swift in Sources */ = {isa = PBXBuildFile; fileRef = E8CAC0FC207F31CC0074B20F /* AppDelegate.swift */; };
		E8CAC0FF207F31CC0074B20F /* ViewController.swift in Sources */ = {isa = PBXBuildFile; fileRef = E8CAC0FE207F31CC0074B20F /* ViewController.swift */; };
		E8CAC102207F31CC0074B20F /* Main.storyboard in Resources */ = {isa = PBXBuildFile; fileRef = E8CAC100207F31CC0074B20F /* Main.storyboard */; };
		E8CAC104207F31CC0074B20F /* Assets.xcassets in Resources */ = {isa = PBXBuildFile; fileRef = E8CAC103207F31CC0074B20F /* Assets.xcassets */; };
		E8CAC107207F31CC0074B20F /* LaunchScreen.storyboard in Resources */ = {isa = PBXBuildFile; fileRef = E8CAC105207F31CC0074B20F /* LaunchScreen.storyboard */; };
		E8CAC112207F31CC0074B20F /* finalProjectTests.swift in Sources */ = {isa = PBXBuildFile; fileRef = E8CAC111207F31CC0074B20F /* finalProjectTests.swift */; };
		E8D315E22084680B00A52E21 /* GoogleService-Info.plist in Resources */ = {isa = PBXBuildFile; fileRef = E8D315E12084680A00A52E21 /* GoogleService-Info.plist */; };
		E8D315E7208468AF00A52E21 /* LoginViewController.swift in Sources */ = {isa = PBXBuildFile; fileRef = E8D315E3208468AE00A52E21 /* LoginViewController.swift */; };
		E8D315E8208468AF00A52E21 /* HomeViewController.swift in Sources */ = {isa = PBXBuildFile; fileRef = E8D315E4208468AE00A52E21 /* HomeViewController.swift */; };
		E8D315E9208468AF00A52E21 /* SignUpViewController.swift in Sources */ = {isa = PBXBuildFile; fileRef = E8D315E5208468AF00A52E21 /* SignUpViewController.swift */; };
		E8D315EA208468AF00A52E21 /* ResetPasswordViewController.swift in Sources */ = {isa = PBXBuildFile; fileRef = E8D315E6208468AF00A52E21 /* ResetPasswordViewController.swift */; };
/* End PBXBuildFile section */

/* Begin PBXContainerItemProxy section */
		E8CAC10E207F31CC0074B20F /* PBXContainerItemProxy */ = {
			isa = PBXContainerItemProxy;
			containerPortal = E8CAC0F1207F31CC0074B20F /* Project object */;
			proxyType = 1;
			remoteGlobalIDString = E8CAC0F8207F31CC0074B20F;
			remoteInfo = finalProject;
		};
/* End PBXContainerItemProxy section */

/* Begin PBXFileReference section */
		494B72DE364F70F54D57C0A1 /* Pods-finalProject.debug.xcconfig */ = {isa = PBXFileReference; includeInIndex = 1; lastKnownFileType = text.xcconfig; name = "Pods-finalProject.debug.xcconfig"; path = "Pods/Target Support Files/Pods-finalProject/Pods-finalProject.debug.xcconfig"; sourceTree = "<group>"; };
		76DF8F9FB9FE6F5FF315E3AA /* Pods_finalProject.framework */ = {isa = PBXFileReference; explicitFileType = wrapper.framework; includeInIndex = 0; path = Pods_finalProject.framework; sourceTree = BUILT_PRODUCTS_DIR; };
		803F47EEFF478FF1FAF3D36D /* Pods-finalProject.release.xcconfig */ = {isa = PBXFileReference; includeInIndex = 1; lastKnownFileType = text.xcconfig; name = "Pods-finalProject.release.xcconfig"; path = "Pods/Target Support Files/Pods-finalProject/Pods-finalProject.release.xcconfig"; sourceTree = "<group>"; };
		E8BA00EF2086F73F007636E0 /* finalProject.entitlements */ = {isa = PBXFileReference; lastKnownFileType = text.plist.entitlements; path = finalProject.entitlements; sourceTree = "<group>"; };
		E8CAC0F9207F31CC0074B20F /* finalProject.app */ = {isa = PBXFileReference; explicitFileType = wrapper.application; includeInIndex = 0; path = finalProject.app; sourceTree = BUILT_PRODUCTS_DIR; };
		E8CAC0FC207F31CC0074B20F /* AppDelegate.swift */ = {isa = PBXFileReference; lastKnownFileType = sourcecode.swift; path = AppDelegate.swift; sourceTree = "<group>"; };
		E8CAC0FE207F31CC0074B20F /* ViewController.swift */ = {isa = PBXFileReference; lastKnownFileType = sourcecode.swift; path = ViewController.swift; sourceTree = "<group>"; };
		E8CAC101207F31CC0074B20F /* Base */ = {isa = PBXFileReference; lastKnownFileType = file.storyboard; name = Base; path = Base.lproj/Main.storyboard; sourceTree = "<group>"; };
		E8CAC103207F31CC0074B20F /* Assets.xcassets */ = {isa = PBXFileReference; lastKnownFileType = folder.assetcatalog; path = Assets.xcassets; sourceTree = "<group>"; };
		E8CAC106207F31CC0074B20F /* Base */ = {isa = PBXFileReference; lastKnownFileType = file.storyboard; name = Base; path = Base.lproj/LaunchScreen.storyboard; sourceTree = "<group>"; };
		E8CAC108207F31CC0074B20F /* Info.plist */ = {isa = PBXFileReference; lastKnownFileType = text.plist.xml; path = Info.plist; sourceTree = "<group>"; };
		E8CAC10D207F31CC0074B20F /* finalProjectTests.xctest */ = {isa = PBXFileReference; explicitFileType = wrapper.cfbundle; includeInIndex = 0; path = finalProjectTests.xctest; sourceTree = BUILT_PRODUCTS_DIR; };
		E8CAC111207F31CC0074B20F /* finalProjectTests.swift */ = {isa = PBXFileReference; lastKnownFileType = sourcecode.swift; path = finalProjectTests.swift; sourceTree = "<group>"; };
		E8CAC113207F31CC0074B20F /* Info.plist */ = {isa = PBXFileReference; lastKnownFileType = text.plist.xml; path = Info.plist; sourceTree = "<group>"; };
		E8D315E12084680A00A52E21 /* GoogleService-Info.plist */ = {isa = PBXFileReference; fileEncoding = 4; lastKnownFileType = text.plist.xml; path = "GoogleService-Info.plist"; sourceTree = "<group>"; };
		E8D315E3208468AE00A52E21 /* LoginViewController.swift */ = {isa = PBXFileReference; fileEncoding = 4; lastKnownFileType = sourcecode.swift; path = LoginViewController.swift; sourceTree = "<group>"; };
		E8D315E4208468AE00A52E21 /* HomeViewController.swift */ = {isa = PBXFileReference; fileEncoding = 4; lastKnownFileType = sourcecode.swift; path = HomeViewController.swift; sourceTree = "<group>"; };
		E8D315E5208468AF00A52E21 /* SignUpViewController.swift */ = {isa = PBXFileReference; fileEncoding = 4; lastKnownFileType = sourcecode.swift; path = SignUpViewController.swift; sourceTree = "<group>"; };
		E8D315E6208468AF00A52E21 /* ResetPasswordViewController.swift */ = {isa = PBXFileReference; fileEncoding = 4; lastKnownFileType = sourcecode.swift; path = ResetPasswordViewController.swift; sourceTree = "<group>"; };
/* End PBXFileReference section */

/* Begin PBXFrameworksBuildPhase section */
		E8CAC0F6207F31CC0074B20F /* Frameworks */ = {
			isa = PBXFrameworksBuildPhase;
			buildActionMask = 2147483647;
			files = (
				0B0245CFB1D5BBEFA8CDDFD5 /* Pods_finalProject.framework in Frameworks */,
			);
			runOnlyForDeploymentPostprocessing = 0;
		};
		E8CAC10A207F31CC0074B20F /* Frameworks */ = {
			isa = PBXFrameworksBuildPhase;
			buildActionMask = 2147483647;
			files = (
			);
			runOnlyForDeploymentPostprocessing = 0;
		};
/* End PBXFrameworksBuildPhase section */

/* Begin PBXGroup section */
		42DBEF122675A7291671BBAA /* Pods */ = {
			isa = PBXGroup;
			children = (
				494B72DE364F70F54D57C0A1 /* Pods-finalProject.debug.xcconfig */,
				803F47EEFF478FF1FAF3D36D /* Pods-finalProject.release.xcconfig */,
			);
			name = Pods;
			sourceTree = "<group>";
		};
		E387EB074E4E4A33A5F15036 /* Frameworks */ = {
			isa = PBXGroup;
			children = (
				76DF8F9FB9FE6F5FF315E3AA /* Pods_finalProject.framework */,
			);
			name = Frameworks;
			sourceTree = "<group>";
		};
		E8CAC0F0207F31CC0074B20F = {
			isa = PBXGroup;
			children = (
				E8CAC0FB207F31CC0074B20F /* finalProject */,
				E8CAC110207F31CC0074B20F /* finalProjectTests */,
				E8CAC0FA207F31CC0074B20F /* Products */,
				42DBEF122675A7291671BBAA /* Pods */,
				E387EB074E4E4A33A5F15036 /* Frameworks */,
			);
			sourceTree = "<group>";
		};
		E8CAC0FA207F31CC0074B20F /* Products */ = {
			isa = PBXGroup;
			children = (
				E8CAC0F9207F31CC0074B20F /* finalProject.app */,
				E8CAC10D207F31CC0074B20F /* finalProjectTests.xctest */,
			);
			name = Products;
			sourceTree = "<group>";
		};
		E8CAC0FB207F31CC0074B20F /* finalProject */ = {
			isa = PBXGroup;
			children = (
				E8BA00EF2086F73F007636E0 /* finalProject.entitlements */,
				E8D315E5208468AF00A52E21 /* SignUpViewController.swift */,
				E8D315E4208468AE00A52E21 /* HomeViewController.swift */,
				E8D315E3208468AE00A52E21 /* LoginViewController.swift */,
				E8D315E6208468AF00A52E21 /* ResetPasswordViewController.swift */,
				E8CAC0FC207F31CC0074B20F /* AppDelegate.swift */,
				E8CAC0FE207F31CC0074B20F /* ViewController.swift */,
				E8CAC100207F31CC0074B20F /* Main.storyboard */,
				E8CAC103207F31CC0074B20F /* Assets.xcassets */,
				E8CAC105207F31CC0074B20F /* LaunchScreen.storyboard */,
				E8CAC108207F31CC0074B20F /* Info.plist */,
				E8D315E12084680A00A52E21 /* GoogleService-Info.plist */,
			);
			path = finalProject;
			sourceTree = "<group>";
		};
		E8CAC110207F31CC0074B20F /* finalProjectTests */ = {
			isa = PBXGroup;
			children = (
				E8CAC111207F31CC0074B20F /* finalProjectTests.swift */,
				E8CAC113207F31CC0074B20F /* Info.plist */,
			);
			path = finalProjectTests;
			sourceTree = "<group>";
		};
/* End PBXGroup section */

/* Begin PBXNativeTarget section */
		E8CAC0F8207F31CC0074B20F /* finalProject */ = {
			isa = PBXNativeTarget;
			buildConfigurationList = E8CAC116207F31CC0074B20F /* Build configuration list for PBXNativeTarget "finalProject" */;
			buildPhases = (
				BE3187E81C3B1745DEFBDA16 /* [CP] Check Pods Manifest.lock */,
				E8CAC0F5207F31CC0074B20F /* Sources */,
				E8CAC0F6207F31CC0074B20F /* Frameworks */,
				E8CAC0F7207F31CC0074B20F /* Resources */,
				F6A97C81F1BF891EED355881 /* [CP] Embed Pods Frameworks */,
			);
			buildRules = (
			);
			dependencies = (
			);
			name = finalProject;
			productName = finalProject;
			productReference = E8CAC0F9207F31CC0074B20F /* finalProject.app */;
			productType = "com.apple.product-type.application";
		};
		E8CAC10C207F31CC0074B20F /* finalProjectTests */ = {
			isa = PBXNativeTarget;
			buildConfigurationList = E8CAC119207F31CC0074B20F /* Build configuration list for PBXNativeTarget "finalProjectTests" */;
			buildPhases = (
				E8CAC109207F31CC0074B20F /* Sources */,
				E8CAC10A207F31CC0074B20F /* Frameworks */,
				E8CAC10B207F31CC0074B20F /* Resources */,
			);
			buildRules = (
			);
			dependencies = (
				E8CAC10F207F31CC0074B20F /* PBXTargetDependency */,
			);
			name = finalProjectTests;
			productName = finalProjectTests;
			productReference = E8CAC10D207F31CC0074B20F /* finalProjectTests.xctest */;
			productType = "com.apple.product-type.bundle.unit-test";
		};
/* End PBXNativeTarget section */

/* Begin PBXProject section */
		E8CAC0F1207F31CC0074B20F /* Project object */ = {
			isa = PBXProject;
			attributes = {
				LastSwiftUpdateCheck = 0930;
				LastUpgradeCheck = 0930;
				ORGANIZATIONNAME = "Bo Li";
				TargetAttributes = {
					E8CAC0F8207F31CC0074B20F = {
						CreatedOnToolsVersion = 9.3;
						SystemCapabilities = {
							com.apple.Keychain = {
								enabled = 1;
							};
						};
					};
					E8CAC10C207F31CC0074B20F = {
						CreatedOnToolsVersion = 9.3;
						TestTargetID = E8CAC0F8207F31CC0074B20F;
					};
				};
			};
			buildConfigurationList = E8CAC0F4207F31CC0074B20F /* Build configuration list for PBXProject "finalProject" */;
			compatibilityVersion = "Xcode 9.3";
			developmentRegion = en;
			hasScannedForEncodings = 0;
			knownRegions = (
				en,
				Base,
			);
			mainGroup = E8CAC0F0207F31CC0074B20F;
			productRefGroup = E8CAC0FA207F31CC0074B20F /* Products */;
			projectDirPath = "";
			projectRoot = "";
			targets = (
				E8CAC0F8207F31CC0074B20F /* finalProject */,
				E8CAC10C207F31CC0074B20F /* finalProjectTests */,
			);
		};
/* End PBXProject section */

/* Begin PBXResourcesBuildPhase section */
		E8CAC0F7207F31CC0074B20F /* Resources */ = {
			isa = PBXResourcesBuildPhase;
			buildActionMask = 2147483647;
			files = (
				E8CAC107207F31CC0074B20F /* LaunchScreen.storyboard in Resources */,
				E8D315E22084680B00A52E21 /* GoogleService-Info.plist in Resources */,
				E8CAC104207F31CC0074B20F /* Assets.xcassets in Resources */,
				E8CAC102207F31CC0074B20F /* Main.storyboard in Resources */,
			);
			runOnlyForDeploymentPostprocessing = 0;
		};
		E8CAC10B207F31CC0074B20F /* Resources */ = {
			isa = PBXResourcesBuildPhase;
			buildActionMask = 2147483647;
			files = (
			);
			runOnlyForDeploymentPostprocessing = 0;
		};
/* End PBXResourcesBuildPhase section */

/* Begin PBXShellScriptBuildPhase section */
		BE3187E81C3B1745DEFBDA16 /* [CP] Check Pods Manifest.lock */ = {
			isa = PBXShellScriptBuildPhase;
			buildActionMask = 2147483647;
			files = (
			);
			inputPaths = (
				"${PODS_PODFILE_DIR_PATH}/Podfile.lock",
				"${PODS_ROOT}/Manifest.lock",
			);
			name = "[CP] Check Pods Manifest.lock";
			outputPaths = (
				"$(DERIVED_FILE_DIR)/Pods-finalProject-checkManifestLockResult.txt",
			);
			runOnlyForDeploymentPostprocessing = 0;
			shellPath = /bin/sh;
			shellScript = "diff \"${PODS_PODFILE_DIR_PATH}/Podfile.lock\" \"${PODS_ROOT}/Manifest.lock\" > /dev/null\nif [ $? != 0 ] ; then\n    # print error to STDERR\n    echo \"error: The sandbox is not in sync with the Podfile.lock. Run 'pod install' or update your CocoaPods installation.\" >&2\n    exit 1\nfi\n# This output is used by Xcode 'outputs' to avoid re-running this script phase.\necho \"SUCCESS\" > \"${SCRIPT_OUTPUT_FILE_0}\"\n";
			showEnvVarsInLog = 0;
		};
		F6A97C81F1BF891EED355881 /* [CP] Embed Pods Frameworks */ = {
			isa = PBXShellScriptBuildPhase;
			buildActionMask = 2147483647;
			files = (
			);
			inputPaths = (
				"${SRCROOT}/Pods/Target Support Files/Pods-finalProject/Pods-finalProject-frameworks.sh",
				"${BUILT_PRODUCTS_DIR}/GTMSessionFetcher/GTMSessionFetcher.framework",
				"${BUILT_PRODUCTS_DIR}/GoogleToolboxForMac/GoogleToolboxForMac.framework",
				"${BUILT_PRODUCTS_DIR}/leveldb-library/leveldb.framework",
				"${BUILT_PRODUCTS_DIR}/nanopb/nanopb.framework",
			);
			name = "[CP] Embed Pods Frameworks";
			outputPaths = (
				"${TARGET_BUILD_DIR}/${FRAMEWORKS_FOLDER_PATH}/GTMSessionFetcher.framework",
				"${TARGET_BUILD_DIR}/${FRAMEWORKS_FOLDER_PATH}/GoogleToolboxForMac.framework",
				"${TARGET_BUILD_DIR}/${FRAMEWORKS_FOLDER_PATH}/leveldb.framework",
				"${TARGET_BUILD_DIR}/${FRAMEWORKS_FOLDER_PATH}/nanopb.framework",
			);
			runOnlyForDeploymentPostprocessing = 0;
			shellPath = /bin/sh;
			shellScript = "\"${SRCROOT}/Pods/Target Support Files/Pods-finalProject/Pods-finalProject-frameworks.sh\"\n";
			showEnvVarsInLog = 0;
		};
/* End PBXShellScriptBuildPhase section */

/* Begin PBXSourcesBuildPhase section */
		E8CAC0F5207F31CC0074B20F /* Sources */ = {
			isa = PBXSourcesBuildPhase;
			buildActionMask = 2147483647;
			files = (
				E8D315E7208468AF00A52E21 /* LoginViewController.swift in Sources */,
				E8CAC0FF207F31CC0074B20F /* ViewController.swift in Sources */,
				E8CAC0FD207F31CC0074B20F /* AppDelegate.swift in Sources */,
				E8D315EA208468AF00A52E21 /* ResetPasswordViewController.swift in Sources */,
				E8D315E8208468AF00A52E21 /* HomeViewController.swift in Sources */,
				E8D315E9208468AF00A52E21 /* SignUpViewController.swift in Sources */,
			);
			runOnlyForDeploymentPostprocessing = 0;
		};
		E8CAC109207F31CC0074B20F /* Sources */ = {
			isa = PBXSourcesBuildPhase;
			buildActionMask = 2147483647;
			files = (
				E8CAC112207F31CC0074B20F /* finalProjectTests.swift in Sources */,
			);
			runOnlyForDeploymentPostprocessing = 0;
		};
/* End PBXSourcesBuildPhase section */

/* Begin PBXTargetDependency section */
		E8CAC10F207F31CC0074B20F /* PBXTargetDependency */ = {
			isa = PBXTargetDependency;
			target = E8CAC0F8207F31CC0074B20F /* finalProject */;
			targetProxy = E8CAC10E207F31CC0074B20F /* PBXContainerItemProxy */;
		};
/* End PBXTargetDependency section */

/* Begin PBXVariantGroup section */
		E8CAC100207F31CC0074B20F /* Main.storyboard */ = {
			isa = PBXVariantGroup;
			children = (
				E8CAC101207F31CC0074B20F /* Base */,
			);
			name = Main.storyboard;
			sourceTree = "<group>";
		};
		E8CAC105207F31CC0074B20F /* LaunchScreen.storyboard */ = {
			isa = PBXVariantGroup;
			children = (
				E8CAC106207F31CC0074B20F /* Base */,
			);
			name = LaunchScreen.storyboard;
			sourceTree = "<group>";
		};
/* End PBXVariantGroup section */

/* Begin XCBuildConfiguration section */
		E8CAC114207F31CC0074B20F /* Debug */ = {
			isa = XCBuildConfiguration;
			buildSettings = {
				ALWAYS_SEARCH_USER_PATHS = NO;
				CLANG_ANALYZER_NONNULL = YES;
				CLANG_ANALYZER_NUMBER_OBJECT_CONVERSION = YES_AGGRESSIVE;
				CLANG_CXX_LANGUAGE_STANDARD = "gnu++14";
				CLANG_CXX_LIBRARY = "libc++";
				CLANG_ENABLE_MODULES = YES;
				CLANG_ENABLE_OBJC_ARC = YES;
				CLANG_ENABLE_OBJC_WEAK = YES;
				CLANG_WARN_BLOCK_CAPTURE_AUTORELEASING = YES;
				CLANG_WARN_BOOL_CONVERSION = YES;
				CLANG_WARN_COMMA = YES;
				CLANG_WARN_CONSTANT_CONVERSION = YES;
				CLANG_WARN_DEPRECATED_OBJC_IMPLEMENTATIONS = YES;
				CLANG_WARN_DIRECT_OBJC_ISA_USAGE = YES_ERROR;
				CLANG_WARN_DOCUMENTATION_COMMENTS = YES;
				CLANG_WARN_EMPTY_BODY = YES;
				CLANG_WARN_ENUM_CONVERSION = YES;
				CLANG_WARN_INFINITE_RECURSION = YES;
				CLANG_WARN_INT_CONVERSION = YES;
				CLANG_WARN_NON_LITERAL_NULL_CONVERSION = YES;
				CLANG_WARN_OBJC_IMPLICIT_RETAIN_SELF = YES;
				CLANG_WARN_OBJC_LITERAL_CONVERSION = YES;
				CLANG_WARN_OBJC_ROOT_CLASS = YES_ERROR;
				CLANG_WARN_RANGE_LOOP_ANALYSIS = YES;
				CLANG_WARN_STRICT_PROTOTYPES = YES;
				CLANG_WARN_SUSPICIOUS_MOVE = YES;
				CLANG_WARN_UNGUARDED_AVAILABILITY = YES_AGGRESSIVE;
				CLANG_WARN_UNREACHABLE_CODE = YES;
				CLANG_WARN__DUPLICATE_METHOD_MATCH = YES;
				CODE_SIGN_IDENTITY = "iPhone Developer";
				COPY_PHASE_STRIP = NO;
				DEBUG_INFORMATION_FORMAT = dwarf;
				ENABLE_STRICT_OBJC_MSGSEND = YES;
				ENABLE_TESTABILITY = YES;
				GCC_C_LANGUAGE_STANDARD = gnu11;
				GCC_DYNAMIC_NO_PIC = NO;
				GCC_NO_COMMON_BLOCKS = YES;
				GCC_OPTIMIZATION_LEVEL = 0;
				GCC_PREPROCESSOR_DEFINITIONS = (
					"DEBUG=1",
					"$(inherited)",
				);
				GCC_WARN_64_TO_32_BIT_CONVERSION = YES;
				GCC_WARN_ABOUT_RETURN_TYPE = YES_ERROR;
				GCC_WARN_UNDECLARED_SELECTOR = YES;
				GCC_WARN_UNINITIALIZED_AUTOS = YES_AGGRESSIVE;
				GCC_WARN_UNUSED_FUNCTION = YES;
				GCC_WARN_UNUSED_VARIABLE = YES;
				IPHONEOS_DEPLOYMENT_TARGET = 11.3;
				MTL_ENABLE_DEBUG_INFO = YES;
				ONLY_ACTIVE_ARCH = YES;
				SDKROOT = iphoneos;
				SWIFT_ACTIVE_COMPILATION_CONDITIONS = DEBUG;
				SWIFT_OPTIMIZATION_LEVEL = "-Onone";
			};
			name = Debug;
		};
		E8CAC115207F31CC0074B20F /* Release */ = {
			isa = XCBuildConfiguration;
			buildSettings = {
				ALWAYS_SEARCH_USER_PATHS = NO;
				CLANG_ANALYZER_NONNULL = YES;
				CLANG_ANALYZER_NUMBER_OBJECT_CONVERSION = YES_AGGRESSIVE;
				CLANG_CXX_LANGUAGE_STANDARD = "gnu++14";
				CLANG_CXX_LIBRARY = "libc++";
				CLANG_ENABLE_MODULES = YES;
				CLANG_ENABLE_OBJC_ARC = YES;
				CLANG_ENABLE_OBJC_WEAK = YES;
				CLANG_WARN_BLOCK_CAPTURE_AUTORELEASING = YES;
				CLANG_WARN_BOOL_CONVERSION = YES;
				CLANG_WARN_COMMA = YES;
				CLANG_WARN_CONSTANT_CONVERSION = YES;
				CLANG_WARN_DEPRECATED_OBJC_IMPLEMENTATIONS = YES;
				CLANG_WARN_DIRECT_OBJC_ISA_USAGE = YES_ERROR;
				CLANG_WARN_DOCUMENTATION_COMMENTS = YES;
				CLANG_WARN_EMPTY_BODY = YES;
				CLANG_WARN_ENUM_CONVERSION = YES;
				CLANG_WARN_INFINITE_RECURSION = YES;
				CLANG_WARN_INT_CONVERSION = YES;
				CLANG_WARN_NON_LITERAL_NULL_CONVERSION = YES;
				CLANG_WARN_OBJC_IMPLICIT_RETAIN_SELF = YES;
				CLANG_WARN_OBJC_LITERAL_CONVERSION = YES;
				CLANG_WARN_OBJC_ROOT_CLASS = YES_ERROR;
				CLANG_WARN_RANGE_LOOP_ANALYSIS = YES;
				CLANG_WARN_STRICT_PROTOTYPES = YES;
				CLANG_WARN_SUSPICIOUS_MOVE = YES;
				CLANG_WARN_UNGUARDED_AVAILABILITY = YES_AGGRESSIVE;
				CLANG_WARN_UNREACHABLE_CODE = YES;
				CLANG_WARN__DUPLICATE_METHOD_MATCH = YES;
				CODE_SIGN_IDENTITY = "iPhone Developer";
				COPY_PHASE_STRIP = NO;
				DEBUG_INFORMATION_FORMAT = "dwarf-with-dsym";
				ENABLE_NS_ASSERTIONS = NO;
				ENABLE_STRICT_OBJC_MSGSEND = YES;
				GCC_C_LANGUAGE_STANDARD = gnu11;
				GCC_NO_COMMON_BLOCKS = YES;
				GCC_WARN_64_TO_32_BIT_CONVERSION = YES;
				GCC_WARN_ABOUT_RETURN_TYPE = YES_ERROR;
				GCC_WARN_UNDECLARED_SELECTOR = YES;
				GCC_WARN_UNINITIALIZED_AUTOS = YES_AGGRESSIVE;
				GCC_WARN_UNUSED_FUNCTION = YES;
				GCC_WARN_UNUSED_VARIABLE = YES;
				IPHONEOS_DEPLOYMENT_TARGET = 11.3;
				MTL_ENABLE_DEBUG_INFO = NO;
				SDKROOT = iphoneos;
				SWIFT_COMPILATION_MODE = wholemodule;
				SWIFT_OPTIMIZATION_LEVEL = "-O";
				VALIDATE_PRODUCT = YES;
			};
			name = Release;
		};
		E8CAC117207F31CC0074B20F /* Debug */ = {
			isa = XCBuildConfiguration;
			baseConfigurationReference = 494B72DE364F70F54D57C0A1 /* Pods-finalProject.debug.xcconfig */;
			buildSettings = {
				ASSETCATALOG_COMPILER_APPICON_NAME = AppIcon;
				CODE_SIGN_ENTITLEMENTS = finalProject/finalProject.entitlements;
				CODE_SIGN_STYLE = Automatic;
				DEVELOPMENT_TEAM = R2YUDZ743G;
				INFOPLIST_FILE = finalProject/Info.plist;
				LD_RUNPATH_SEARCH_PATHS = (
					"$(inherited)",
					"@executable_path/Frameworks",
				);
				PRODUCT_BUNDLE_IDENTIFIER = "Bo-Li.finalProject";
				PRODUCT_NAME = "$(TARGET_NAME)";
				SWIFT_VERSION = 4.0;
				TARGETED_DEVICE_FAMILY = "1,2";
			};
			name = Debug;
		};
		E8CAC118207F31CC0074B20F /* Release */ = {
			isa = XCBuildConfiguration;
			baseConfigurationReference = 803F47EEFF478FF1FAF3D36D /* Pods-finalProject.release.xcconfig */;
			buildSettings = {
				ASSETCATALOG_COMPILER_APPICON_NAME = AppIcon;
				CODE_SIGN_ENTITLEMENTS = finalProject/finalProject.entitlements;
				CODE_SIGN_STYLE = Automatic;
				DEVELOPMENT_TEAM = R2YUDZ743G;
				INFOPLIST_FILE = finalProject/Info.plist;
				LD_RUNPATH_SEARCH_PATHS = (
					"$(inherited)",
					"@executable_path/Frameworks",
				);
				PRODUCT_BUNDLE_IDENTIFIER = "Bo-Li.finalProject";
				PRODUCT_NAME = "$(TARGET_NAME)";
				SWIFT_VERSION = 4.0;
				TARGETED_DEVICE_FAMILY = "1,2";
			};
			name = Release;
		};
		E8CAC11A207F31CC0074B20F /* Debug */ = {
			isa = XCBuildConfiguration;
			buildSettings = {
				ALWAYS_EMBED_SWIFT_STANDARD_LIBRARIES = YES;
				BUNDLE_LOADER = "$(TEST_HOST)";
				CODE_SIGN_STYLE = Automatic;
				DEVELOPMENT_TEAM = R2YUDZ743G;
				INFOPLIST_FILE = finalProjectTests/Info.plist;
				LD_RUNPATH_SEARCH_PATHS = (
					"$(inherited)",
					"@executable_path/Frameworks",
					"@loader_path/Frameworks",
				);
				PRODUCT_BUNDLE_IDENTIFIER = "Bo-Li.finalProjectTests";
				PRODUCT_NAME = "$(TARGET_NAME)";
				SWIFT_VERSION = 4.0;
				TARGETED_DEVICE_FAMILY = "1,2";
				TEST_HOST = "$(BUILT_PRODUCTS_DIR)/finalProject.app/finalProject";
			};
			name = Debug;
		};
		E8CAC11B207F31CC0074B20F /* Release */ = {
			isa = XCBuildConfiguration;
			buildSettings = {
				ALWAYS_EMBED_SWIFT_STANDARD_LIBRARIES = YES;
				BUNDLE_LOADER = "$(TEST_HOST)";
				CODE_SIGN_STYLE = Automatic;
				DEVELOPMENT_TEAM = R2YUDZ743G;
				INFOPLIST_FILE = finalProjectTests/Info.plist;
				LD_RUNPATH_SEARCH_PATHS = (
					"$(inherited)",
					"@executable_path/Frameworks",
					"@loader_path/Frameworks",
				);
				PRODUCT_BUNDLE_IDENTIFIER = "Bo-Li.finalProjectTests";
				PRODUCT_NAME = "$(TARGET_NAME)";
				SWIFT_VERSION = 4.0;
				TARGETED_DEVICE_FAMILY = "1,2";
				TEST_HOST = "$(BUILT_PRODUCTS_DIR)/finalProject.app/finalProject";
			};
			name = Release;
		};
/* End XCBuildConfiguration section */

/* Begin XCConfigurationList section */
		E8CAC0F4207F31CC0074B20F /* Build configuration list for PBXProject "finalProject" */ = {
			isa = XCConfigurationList;
			buildConfigurations = (
				E8CAC114207F31CC0074B20F /* Debug */,
				E8CAC115207F31CC0074B20F /* Release */,
			);
			defaultConfigurationIsVisible = 0;
			defaultConfigurationName = Release;
		};
		E8CAC116207F31CC0074B20F /* Build configuration list for PBXNativeTarget "finalProject" */ = {
			isa = XCConfigurationList;
			buildConfigurations = (
				E8CAC117207F31CC0074B20F /* Debug */,
				E8CAC118207F31CC0074B20F /* Release */,
			);
			defaultConfigurationIsVisible = 0;
			defaultConfigurationName = Release;
		};
		E8CAC119207F31CC0074B20F /* Build configuration list for PBXNativeTarget "finalProjectTests" */ = {
			isa = XCConfigurationList;
			buildConfigurations = (
				E8CAC11A207F31CC0074B20F /* Debug */,
				E8CAC11B207F31CC0074B20F /* Release */,
			);
			defaultConfigurationIsVisible = 0;
			defaultConfigurationName = Release;
		};
/* End XCConfigurationList section */
	};
	rootObject = E8CAC0F1207F31CC0074B20F /* Project object */;
}
